// !$*UTF8*$!
{
	archiveVersion = 1;
	classes = {
	};
	objectVersion = 50;
	objects = {

/* Begin PBXBuildFile section */
		A0CC1A2324838F7500ACC4B4 /* Observable.framework in Frameworks */ = {isa = PBXBuildFile; fileRef = A0CC1A1924838F7500ACC4B4 /* Observable.framework */; };
		A0CC1A2824838F7500ACC4B4 /* ObservableTests.swift in Sources */ = {isa = PBXBuildFile; fileRef = A0CC1A2724838F7500ACC4B4 /* ObservableTests.swift */; };
		A0CC1A2A24838F7500ACC4B4 /* Observable.h in Headers */ = {isa = PBXBuildFile; fileRef = A0CC1A1C24838F7500ACC4B4 /* Observable.h */; settings = {ATTRIBUTES = (Public, ); }; };
		A0CC1A342483907600ACC4B4 /* Observable.swift in Sources */ = {isa = PBXBuildFile; fileRef = A0CC1A332483907600ACC4B4 /* Observable.swift */; };
		A0CC1A36248390FF00ACC4B4 /* Pool.swift in Sources */ = {isa = PBXBuildFile; fileRef = A0CC1A35248390FF00ACC4B4 /* Pool.swift */; };
		A0CC1A382483914900ACC4B4 /* Weak.swift in Sources */ = {isa = PBXBuildFile; fileRef = A0CC1A372483914900ACC4B4 /* Weak.swift */; };
		A0CC1A3A2483B28500ACC4B4 /* PoolTests.swift in Sources */ = {isa = PBXBuildFile; fileRef = A0CC1A392483B28400ACC4B4 /* PoolTests.swift */; };
/* End PBXBuildFile section */

/* Begin PBXContainerItemProxy section */
		A0CC1A2424838F7500ACC4B4 /* PBXContainerItemProxy */ = {
			isa = PBXContainerItemProxy;
			containerPortal = A0CC1A1024838F7500ACC4B4 /* Project object */;
			proxyType = 1;
			remoteGlobalIDString = A0CC1A1824838F7500ACC4B4;
			remoteInfo = Observable;
		};
/* End PBXContainerItemProxy section */

/* Begin PBXFileReference section */
		A0CC1A1924838F7500ACC4B4 /* Observable.framework */ = {isa = PBXFileReference; explicitFileType = wrapper.framework; includeInIndex = 0; path = Observable.framework; sourceTree = BUILT_PRODUCTS_DIR; };
		A0CC1A1C24838F7500ACC4B4 /* Observable.h */ = {isa = PBXFileReference; lastKnownFileType = sourcecode.c.h; path = Observable.h; sourceTree = "<group>"; };
		A0CC1A1D24838F7500ACC4B4 /* Info.plist */ = {isa = PBXFileReference; lastKnownFileType = text.plist.xml; path = Info.plist; sourceTree = "<group>"; };
		A0CC1A2224838F7500ACC4B4 /* ObservableTests.xctest */ = {isa = PBXFileReference; explicitFileType = wrapper.cfbundle; includeInIndex = 0; path = ObservableTests.xctest; sourceTree = BUILT_PRODUCTS_DIR; };
		A0CC1A2724838F7500ACC4B4 /* ObservableTests.swift */ = {isa = PBXFileReference; lastKnownFileType = sourcecode.swift; path = ObservableTests.swift; sourceTree = "<group>"; };
		A0CC1A2924838F7500ACC4B4 /* Info.plist */ = {isa = PBXFileReference; lastKnownFileType = text.plist.xml; path = Info.plist; sourceTree = "<group>"; };
		A0CC1A332483907600ACC4B4 /* Observable.swift */ = {isa = PBXFileReference; fileEncoding = 4; lastKnownFileType = sourcecode.swift; path = Observable.swift; sourceTree = "<group>"; };
		A0CC1A35248390FF00ACC4B4 /* Pool.swift */ = {isa = PBXFileReference; fileEncoding = 4; lastKnownFileType = sourcecode.swift; path = Pool.swift; sourceTree = "<group>"; };
		A0CC1A372483914900ACC4B4 /* Weak.swift */ = {isa = PBXFileReference; fileEncoding = 4; lastKnownFileType = sourcecode.swift; path = Weak.swift; sourceTree = "<group>"; };
		A0CC1A392483B28400ACC4B4 /* PoolTests.swift */ = {isa = PBXFileReference; lastKnownFileType = sourcecode.swift; path = PoolTests.swift; sourceTree = "<group>"; };
/* End PBXFileReference section */

/* Begin PBXFrameworksBuildPhase section */
		A0CC1A1624838F7500ACC4B4 /* Frameworks */ = {
			isa = PBXFrameworksBuildPhase;
			buildActionMask = 2147483647;
			files = (
			);
			runOnlyForDeploymentPostprocessing = 0;
		};
		A0CC1A1F24838F7500ACC4B4 /* Frameworks */ = {
			isa = PBXFrameworksBuildPhase;
			buildActionMask = 2147483647;
			files = (
				A0CC1A2324838F7500ACC4B4 /* Observable.framework in Frameworks */,
			);
			runOnlyForDeploymentPostprocessing = 0;
		};
/* End PBXFrameworksBuildPhase section */

/* Begin PBXGroup section */
		A0CC1A0F24838F7500ACC4B4 = {
			isa = PBXGroup;
			children = (
				A0CC1A1B24838F7500ACC4B4 /* Observable */,
				A0CC1A2624838F7500ACC4B4 /* ObservableTests */,
				A0CC1A1A24838F7500ACC4B4 /* Products */,
			);
			sourceTree = "<group>";
		};
		A0CC1A1A24838F7500ACC4B4 /* Products */ = {
			isa = PBXGroup;
			children = (
				A0CC1A1924838F7500ACC4B4 /* Observable.framework */,
				A0CC1A2224838F7500ACC4B4 /* ObservableTests.xctest */,
			);
			name = Products;
			sourceTree = "<group>";
		};
		A0CC1A1B24838F7500ACC4B4 /* Observable */ = {
			isa = PBXGroup;
			children = (
				A0CC1A1C24838F7500ACC4B4 /* Observable.h */,
				A0CC1A1D24838F7500ACC4B4 /* Info.plist */,
				A0CC1A332483907600ACC4B4 /* Observable.swift */,
				A0CC1A35248390FF00ACC4B4 /* Pool.swift */,
				A0CC1A372483914900ACC4B4 /* Weak.swift */,
			);
			path = Observable;
			sourceTree = "<group>";
		};
		A0CC1A2624838F7500ACC4B4 /* ObservableTests */ = {
			isa = PBXGroup;
			children = (
				A0CC1A2724838F7500ACC4B4 /* ObservableTests.swift */,
				A0CC1A2924838F7500ACC4B4 /* Info.plist */,
				A0CC1A392483B28400ACC4B4 /* PoolTests.swift */,
			);
			path = ObservableTests;
			sourceTree = "<group>";
		};
/* End PBXGroup section */

/* Begin PBXHeadersBuildPhase section */
		A0CC1A1424838F7500ACC4B4 /* Headers */ = {
			isa = PBXHeadersBuildPhase;
			buildActionMask = 2147483647;
			files = (
				A0CC1A2A24838F7500ACC4B4 /* Observable.h in Headers */,
			);
			runOnlyForDeploymentPostprocessing = 0;
		};
/* End PBXHeadersBuildPhase section */

/* Begin PBXNativeTarget section */
		A0CC1A1824838F7500ACC4B4 /* Observable */ = {
			isa = PBXNativeTarget;
			buildConfigurationList = A0CC1A2D24838F7500ACC4B4 /* Build configuration list for PBXNativeTarget "Observable" */;
			buildPhases = (
				A0CC1A1424838F7500ACC4B4 /* Headers */,
				A0CC1A1524838F7500ACC4B4 /* Sources */,
				A0CC1A1624838F7500ACC4B4 /* Frameworks */,
				A0CC1A1724838F7500ACC4B4 /* Resources */,
			);
			buildRules = (
			);
			dependencies = (
			);
			name = Observable;
			productName = Observable;
			productReference = A0CC1A1924838F7500ACC4B4 /* Observable.framework */;
			productType = "com.apple.product-type.framework";
		};
		A0CC1A2124838F7500ACC4B4 /* ObservableTests */ = {
			isa = PBXNativeTarget;
			buildConfigurationList = A0CC1A3024838F7500ACC4B4 /* Build configuration list for PBXNativeTarget "ObservableTests" */;
			buildPhases = (
				A0CC1A1E24838F7500ACC4B4 /* Sources */,
				A0CC1A1F24838F7500ACC4B4 /* Frameworks */,
				A0CC1A2024838F7500ACC4B4 /* Resources */,
			);
			buildRules = (
			);
			dependencies = (
				A0CC1A2524838F7500ACC4B4 /* PBXTargetDependency */,
			);
			name = ObservableTests;
			productName = ObservableTests;
			productReference = A0CC1A2224838F7500ACC4B4 /* ObservableTests.xctest */;
			productType = "com.apple.product-type.bundle.unit-test";
		};
/* End PBXNativeTarget section */

/* Begin PBXProject section */
		A0CC1A1024838F7500ACC4B4 /* Project object */ = {
			isa = PBXProject;
			attributes = {
				LastSwiftUpdateCheck = 1130;
				LastUpgradeCheck = 1130;
				ORGANIZATIONNAME = "Stanislav Lyubchenko";
				TargetAttributes = {
					A0CC1A1824838F7500ACC4B4 = {
						CreatedOnToolsVersion = 11.3.1;
						LastSwiftMigration = 1130;
					};
					A0CC1A2124838F7500ACC4B4 = {
						CreatedOnToolsVersion = 11.3.1;
					};
				};
			};
			buildConfigurationList = A0CC1A1324838F7500ACC4B4 /* Build configuration list for PBXProject "Observable" */;
			compatibilityVersion = "Xcode 9.3";
			developmentRegion = en;
			hasScannedForEncodings = 0;
			knownRegions = (
				en,
				Base,
			);
			mainGroup = A0CC1A0F24838F7500ACC4B4;
			productRefGroup = A0CC1A1A24838F7500ACC4B4 /* Products */;
			projectDirPath = "";
			projectRoot = "";
			targets = (
				A0CC1A1824838F7500ACC4B4 /* Observable */,
				A0CC1A2124838F7500ACC4B4 /* ObservableTests */,
			);
		};
/* End PBXProject section */

/* Begin PBXResourcesBuildPhase section */
		A0CC1A1724838F7500ACC4B4 /* Resources */ = {
			isa = PBXResourcesBuildPhase;
			buildActionMask = 2147483647;
			files = (
			);
			runOnlyForDeploymentPostprocessing = 0;
		};
		A0CC1A2024838F7500ACC4B4 /* Resources */ = {
			isa = PBXResourcesBuildPhase;
			buildActionMask = 2147483647;
			files = (
			);
			runOnlyForDeploymentPostprocessing = 0;
		};
/* End PBXResourcesBuildPhase section */

/* Begin PBXSourcesBuildPhase section */
		A0CC1A1524838F7500ACC4B4 /* Sources */ = {
			isa = PBXSourcesBuildPhase;
			buildActionMask = 2147483647;
			files = (
				A0CC1A342483907600ACC4B4 /* Observable.swift in Sources */,
				A0CC1A36248390FF00ACC4B4 /* Pool.swift in Sources */,
				A0CC1A382483914900ACC4B4 /* Weak.swift in Sources */,
			);
			runOnlyForDeploymentPostprocessing = 0;
		};
		A0CC1A1E24838F7500ACC4B4 /* Sources */ = {
			isa = PBXSourcesBuildPhase;
			buildActionMask = 2147483647;
			files = (
				A0CC1A2824838F7500ACC4B4 /* ObservableTests.swift in Sources */,
				A0CC1A3A2483B28500ACC4B4 /* PoolTests.swift in Sources */,
			);
			runOnlyForDeploymentPostprocessing = 0;
		};
/* End PBXSourcesBuildPhase section */

/* Begin PBXTargetDependency section */
		A0CC1A2524838F7500ACC4B4 /* PBXTargetDependency */ = {
			isa = PBXTargetDependency;
			target = A0CC1A1824838F7500ACC4B4 /* Observable */;
			targetProxy = A0CC1A2424838F7500ACC4B4 /* PBXContainerItemProxy */;
		};
/* End PBXTargetDependency section */

/* Begin XCBuildConfiguration section */
		A0CC1A2B24838F7500ACC4B4 /* Debug */ = {
			isa = XCBuildConfiguration;
			buildSettings = {
				ALWAYS_SEARCH_USER_PATHS = NO;
				CLANG_ANALYZER_NONNULL = YES;
				CLANG_ANALYZER_NUMBER_OBJECT_CONVERSION = YES_AGGRESSIVE;
				CLANG_CXX_LANGUAGE_STANDARD = "gnu++14";
				CLANG_CXX_LIBRARY = "libc++";
				CLANG_ENABLE_MODULES = YES;
				CLANG_ENABLE_OBJC_ARC = YES;
				CLANG_ENABLE_OBJC_WEAK = YES;
				CLANG_WARN_BLOCK_CAPTURE_AUTORELEASING = YES;
				CLANG_WARN_BOOL_CONVERSION = YES;
				CLANG_WARN_COMMA = YES;
				CLANG_WARN_CONSTANT_CONVERSION = YES;
				CLANG_WARN_DEPRECATED_OBJC_IMPLEMENTATIONS = YES;
				CLANG_WARN_DIRECT_OBJC_ISA_USAGE = YES_ERROR;
				CLANG_WARN_DOCUMENTATION_COMMENTS = YES;
				CLANG_WARN_EMPTY_BODY = YES;
				CLANG_WARN_ENUM_CONVERSION = YES;
				CLANG_WARN_INFINITE_RECURSION = YES;
				CLANG_WARN_INT_CONVERSION = YES;
				CLANG_WARN_NON_LITERAL_NULL_CONVERSION = YES;
				CLANG_WARN_OBJC_IMPLICIT_RETAIN_SELF = YES;
				CLANG_WARN_OBJC_LITERAL_CONVERSION = YES;
				CLANG_WARN_OBJC_ROOT_CLASS = YES_ERROR;
				CLANG_WARN_RANGE_LOOP_ANALYSIS = YES;
				CLANG_WARN_STRICT_PROTOTYPES = YES;
				CLANG_WARN_SUSPICIOUS_MOVE = YES;
				CLANG_WARN_UNGUARDED_AVAILABILITY = YES_AGGRESSIVE;
				CLANG_WARN_UNREACHABLE_CODE = YES;
				CLANG_WARN__DUPLICATE_METHOD_MATCH = YES;
				COPY_PHASE_STRIP = NO;
				CURRENT_PROJECT_VERSION = 1;
				DEBUG_INFORMATION_FORMAT = dwarf;
				ENABLE_STRICT_OBJC_MSGSEND = YES;
				ENABLE_TESTABILITY = YES;
				GCC_C_LANGUAGE_STANDARD = gnu11;
				GCC_DYNAMIC_NO_PIC = NO;
				GCC_NO_COMMON_BLOCKS = YES;
				GCC_OPTIMIZATION_LEVEL = 0;
				GCC_PREPROCESSOR_DEFINITIONS = (
					"DEBUG=1",
					"$(inherited)",
				);
				GCC_WARN_64_TO_32_BIT_CONVERSION = YES;
				GCC_WARN_ABOUT_RETURN_TYPE = YES_ERROR;
				GCC_WARN_UNDECLARED_SELECTOR = YES;
				GCC_WARN_UNINITIALIZED_AUTOS = YES_AGGRESSIVE;
				GCC_WARN_UNUSED_FUNCTION = YES;
				GCC_WARN_UNUSED_VARIABLE = YES;
				IPHONEOS_DEPLOYMENT_TARGET = 13.2;
				MTL_ENABLE_DEBUG_INFO = INCLUDE_SOURCE;
				MTL_FAST_MATH = YES;
				ONLY_ACTIVE_ARCH = YES;
				SDKROOT = iphoneos;
				SWIFT_ACTIVE_COMPILATION_CONDITIONS = DEBUG;
				SWIFT_OPTIMIZATION_LEVEL = "-Onone";
				VERSIONING_SYSTEM = "apple-generic";
				VERSION_INFO_PREFIX = "";
			};
			name = Debug;
		};
		A0CC1A2C24838F7500ACC4B4 /* Release */ = {
			isa = XCBuildConfiguration;
			buildSettings = {
				ALWAYS_SEARCH_USER_PATHS = NO;
				CLANG_ANALYZER_NONNULL = YES;
				CLANG_ANALYZER_NUMBER_OBJECT_CONVERSION = YES_AGGRESSIVE;
				CLANG_CXX_LANGUAGE_STANDARD = "gnu++14";
				CLANG_CXX_LIBRARY = "libc++";
				CLANG_ENABLE_MODULES = YES;
				CLANG_ENABLE_OBJC_ARC = YES;
				CLANG_ENABLE_OBJC_WEAK = YES;
				CLANG_WARN_BLOCK_CAPTURE_AUTORELEASING = YES;
				CLANG_WARN_BOOL_CONVERSION = YES;
				CLANG_WARN_COMMA = YES;
				CLANG_WARN_CONSTANT_CONVERSION = YES;
				CLANG_WARN_DEPRECATED_OBJC_IMPLEMENTATIONS = YES;
				CLANG_WARN_DIRECT_OBJC_ISA_USAGE = YES_ERROR;
				CLANG_WARN_DOCUMENTATION_COMMENTS = YES;
				CLANG_WARN_EMPTY_BODY = YES;
				CLANG_WARN_ENUM_CONVERSION = YES;
				CLANG_WARN_INFINITE_RECURSION = YES;
				CLANG_WARN_INT_CONVERSION = YES;
				CLANG_WARN_NON_LITERAL_NULL_CONVERSION = YES;
				CLANG_WARN_OBJC_IMPLICIT_RETAIN_SELF = YES;
				CLANG_WARN_OBJC_LITERAL_CONVERSION = YES;
				CLANG_WARN_OBJC_ROOT_CLASS = YES_ERROR;
				CLANG_WARN_RANGE_LOOP_ANALYSIS = YES;
				CLANG_WARN_STRICT_PROTOTYPES = YES;
				CLANG_WARN_SUSPICIOUS_MOVE = YES;
				CLANG_WARN_UNGUARDED_AVAILABILITY = YES_AGGRESSIVE;
				CLANG_WARN_UNREACHABLE_CODE = YES;
				CLANG_WARN__DUPLICATE_METHOD_MATCH = YES;
				COPY_PHASE_STRIP = NO;
				CURRENT_PROJECT_VERSION = 1;
				DEBUG_INFORMATION_FORMAT = "dwarf-with-dsym";
				ENABLE_NS_ASSERTIONS = NO;
				ENABLE_STRICT_OBJC_MSGSEND = YES;
				GCC_C_LANGUAGE_STANDARD = gnu11;
				GCC_NO_COMMON_BLOCKS = YES;
				GCC_WARN_64_TO_32_BIT_CONVERSION = YES;
				GCC_WARN_ABOUT_RETURN_TYPE = YES_ERROR;
				GCC_WARN_UNDECLARED_SELECTOR = YES;
				GCC_WARN_UNINITIALIZED_AUTOS = YES_AGGRESSIVE;
				GCC_WARN_UNUSED_FUNCTION = YES;
				GCC_WARN_UNUSED_VARIABLE = YES;
				IPHONEOS_DEPLOYMENT_TARGET = 13.2;
				MTL_ENABLE_DEBUG_INFO = NO;
				MTL_FAST_MATH = YES;
				SDKROOT = iphoneos;
				SWIFT_COMPILATION_MODE = wholemodule;
				SWIFT_OPTIMIZATION_LEVEL = "-O";
				VALIDATE_PRODUCT = YES;
				VERSIONING_SYSTEM = "apple-generic";
				VERSION_INFO_PREFIX = "";
			};
			name = Release;
		};
		A0CC1A2E24838F7500ACC4B4 /* Debug */ = {
			isa = XCBuildConfiguration;
			buildSettings = {
				CLANG_ENABLE_MODULES = YES;
				CODE_SIGN_STYLE = Automatic;
				DEFINES_MODULE = YES;
				DEVELOPMENT_TEAM = 22DK3QZ24R;
				DYLIB_COMPATIBILITY_VERSION = 1;
				DYLIB_CURRENT_VERSION = 1;
				DYLIB_INSTALL_NAME_BASE = "@rpath";
				INFOPLIST_FILE = Observable/Info.plist;
				INSTALL_PATH = "$(LOCAL_LIBRARY_DIR)/Frameworks";
				IPHONEOS_DEPLOYMENT_TARGET = 13.0;
				LD_RUNPATH_SEARCH_PATHS = (
					"$(inherited)",
					"@executable_path/Frameworks",
					"@loader_path/Frameworks",
				);
				PRODUCT_BUNDLE_IDENTIFIER = com.lsv.Observable;
				PRODUCT_NAME = "$(TARGET_NAME:c99extidentifier)";
				SKIP_INSTALL = YES;
				SWIFT_OPTIMIZATION_LEVEL = "-Onone";
				SWIFT_VERSION = 5.0;
				TARGETED_DEVICE_FAMILY = "1,2";
			};
			name = Debug;
		};
		A0CC1A2F24838F7500ACC4B4 /* Release */ = {
			isa = XCBuildConfiguration;
			buildSettings = {
				CLANG_ENABLE_MODULES = YES;
				CODE_SIGN_STYLE = Automatic;
				DEFINES_MODULE = YES;
				DEVELOPMENT_TEAM = 22DK3QZ24R;
				DYLIB_COMPATIBILITY_VERSION = 1;
				DYLIB_CURRENT_VERSION = 1;
				DYLIB_INSTALL_NAME_BASE = "@rpath";
				INFOPLIST_FILE = Observable/Info.plist;
				INSTALL_PATH = "$(LOCAL_LIBRARY_DIR)/Frameworks";
				IPHONEOS_DEPLOYMENT_TARGET = 13.0;
				LD_RUNPATH_SEARCH_PATHS = (
					"$(inherited)",
					"@executable_path/Frameworks",
					"@loader_path/Frameworks",
				);
				PRODUCT_BUNDLE_IDENTIFIER = com.lsv.Observable;
				PRODUCT_NAME = "$(TARGET_NAME:c99extidentifier)";
				SKIP_INSTALL = YES;
				SWIFT_VERSION = 5.0;
				TARGETED_DEVICE_FAMILY = "1,2";
			};
			name = Release;
		};
		A0CC1A3124838F7500ACC4B4 /* Debug */ = {
			isa = XCBuildConfiguration;
			buildSettings = {
				ALWAYS_EMBED_SWIFT_STANDARD_LIBRARIES = YES;
				CODE_SIGN_STYLE = Automatic;
				DEVELOPMENT_TEAM = 22DK3QZ24R;
				INFOPLIST_FILE = ObservableTests/Info.plist;
				LD_RUNPATH_SEARCH_PATHS = (
					"$(inherited)",
					"@executable_path/Frameworks",
					"@loader_path/Frameworks",
				);
				PRODUCT_BUNDLE_IDENTIFIER = com.lsv.ObservableTests;
				PRODUCT_NAME = "$(TARGET_NAME)";
				SWIFT_VERSION = 5.0;
				TARGETED_DEVICE_FAMILY = "1,2";
			};
			name = Debug;
		};
		A0CC1A3224838F7500ACC4B4 /* Release */ = {
			isa = XCBuildConfiguration;
			buildSettings = {
				ALWAYS_EMBED_SWIFT_STANDARD_LIBRARIES = YES;
				CODE_SIGN_STYLE = Automatic;
				DEVELOPMENT_TEAM = 22DK3QZ24R;
				INFOPLIST_FILE = ObservableTests/Info.plist;
				LD_RUNPATH_SEARCH_PATHS = (
					"$(inherited)",
					"@executable_path/Frameworks",
					"@loader_path/Frameworks",
				);
				PRODUCT_BUNDLE_IDENTIFIER = com.lsv.ObservableTests;
				PRODUCT_NAME = "$(TARGET_NAME)";
				SWIFT_VERSION = 5.0;
				TARGETED_DEVICE_FAMILY = "1,2";
			};
			name = Release;
		};
/* End XCBuildConfiguration section */

/* Begin XCConfigurationList section */
		A0CC1A1324838F7500ACC4B4 /* Build configuration list for PBXProject "Observable" */ = {
			isa = XCConfigurationList;
			buildConfigurations = (
				A0CC1A2B24838F7500ACC4B4 /* Debug */,
				A0CC1A2C24838F7500ACC4B4 /* Release */,
			);
			defaultConfigurationIsVisible = 0;
			defaultConfigurationName = Release;
		};
		A0CC1A2D24838F7500ACC4B4 /* Build configuration list for PBXNativeTarget "Observable" */ = {
			isa = XCConfigurationList;
			buildConfigurations = (
				A0CC1A2E24838F7500ACC4B4 /* Debug */,
				A0CC1A2F24838F7500ACC4B4 /* Release */,
			);
			defaultConfigurationIsVisible = 0;
			defaultConfigurationName = Release;
		};
		A0CC1A3024838F7500ACC4B4 /* Build configuration list for PBXNativeTarget "ObservableTests" */ = {
			isa = XCConfigurationList;
			buildConfigurations = (
				A0CC1A3124838F7500ACC4B4 /* Debug */,
				A0CC1A3224838F7500ACC4B4 /* Release */,
			);
			defaultConfigurationIsVisible = 0;
			defaultConfigurationName = Release;
		};
/* End XCConfigurationList section */
	};
	rootObject = A0CC1A1024838F7500ACC4B4 /* Project object */;
}
